// !$*UTF8*$!
{
	archiveVersion = 1;
	classes = {
	};
	objectVersion = 46;
	objects = {

/* Begin PBXBuildFile section */
		6B574B7C1E53EE5E00543B56 /* AppDelegate.swift in Sources */ = {isa = PBXBuildFile; fileRef = 6B574B7B1E53EE5E00543B56 /* AppDelegate.swift */; };
		6B574B811E53EE5E00543B56 /* Main.storyboard in Resources */ = {isa = PBXBuildFile; fileRef = 6B574B7F1E53EE5E00543B56 /* Main.storyboard */; };
		6B574B831E53EE5E00543B56 /* Assets.xcassets in Resources */ = {isa = PBXBuildFile; fileRef = 6B574B821E53EE5E00543B56 /* Assets.xcassets */; };
		6B574B861E53EE5E00543B56 /* LaunchScreen.storyboard in Resources */ = {isa = PBXBuildFile; fileRef = 6B574B841E53EE5E00543B56 /* LaunchScreen.storyboard */; };
		6B574B8E1E53F2F200543B56 /* HomeTableViewController.swift in Sources */ = {isa = PBXBuildFile; fileRef = 6B574B8D1E53F2F200543B56 /* HomeTableViewController.swift */; };
		6B574B911E53F5A400543B56 /* TableViewCell.swift in Sources */ = {isa = PBXBuildFile; fileRef = 6B574B8F1E53F50900543B56 /* TableViewCell.swift */; };
		6B8F68DB1E5A9229001E3AAB /* ReaderViewController.swift in Sources */ = {isa = PBXBuildFile; fileRef = 6B8F68DA1E5A9229001E3AAB /* ReaderViewController.swift */; };
		7B38B9237DA0E26ED23C618E /* Pods_PDF_Demo.framework in Frameworks */ = {isa = PBXBuildFile; fileRef = 6107024B4526CA0768544755 /* Pods_PDF_Demo.framework */; };
/* End PBXBuildFile section */

/* Begin PBXFileReference section */
		3D32FED17B17C607560C6DE6 /* Pods-PDF-Demo.debug.xcconfig */ = {isa = PBXFileReference; includeInIndex = 1; lastKnownFileType = text.xcconfig; name = "Pods-PDF-Demo.debug.xcconfig"; path = "Pods/Target Support Files/Pods-PDF-Demo/Pods-PDF-Demo.debug.xcconfig"; sourceTree = "<group>"; };
		6107024B4526CA0768544755 /* Pods_PDF_Demo.framework */ = {isa = PBXFileReference; explicitFileType = wrapper.framework; includeInIndex = 0; path = Pods_PDF_Demo.framework; sourceTree = BUILT_PRODUCTS_DIR; };
		6B574B781E53EE5E00543B56 /* PDF-Demo.app */ = {isa = PBXFileReference; explicitFileType = wrapper.application; includeInIndex = 0; path = "PDF-Demo.app"; sourceTree = BUILT_PRODUCTS_DIR; };
		6B574B7B1E53EE5E00543B56 /* AppDelegate.swift */ = {isa = PBXFileReference; lastKnownFileType = sourcecode.swift; path = AppDelegate.swift; sourceTree = "<group>"; };
		6B574B801E53EE5E00543B56 /* Base */ = {isa = PBXFileReference; lastKnownFileType = file.storyboard; name = Base; path = Base.lproj/Main.storyboard; sourceTree = "<group>"; };
		6B574B821E53EE5E00543B56 /* Assets.xcassets */ = {isa = PBXFileReference; lastKnownFileType = folder.assetcatalog; path = Assets.xcassets; sourceTree = "<group>"; };
		6B574B851E53EE5E00543B56 /* Base */ = {isa = PBXFileReference; lastKnownFileType = file.storyboard; name = Base; path = Base.lproj/LaunchScreen.storyboard; sourceTree = "<group>"; };
		6B574B871E53EE5E00543B56 /* Info.plist */ = {isa = PBXFileReference; lastKnownFileType = text.plist.xml; path = Info.plist; sourceTree = "<group>"; };
		6B574B8D1E53F2F200543B56 /* HomeTableViewController.swift */ = {isa = PBXFileReference; fileEncoding = 4; lastKnownFileType = sourcecode.swift; path = HomeTableViewController.swift; sourceTree = "<group>"; };
		6B574B8F1E53F50900543B56 /* TableViewCell.swift */ = {isa = PBXFileReference; fileEncoding = 4; lastKnownFileType = sourcecode.swift; path = TableViewCell.swift; sourceTree = "<group>"; };
		6B8F68DA1E5A9229001E3AAB /* ReaderViewController.swift */ = {isa = PBXFileReference; fileEncoding = 4; lastKnownFileType = sourcecode.swift; path = ReaderViewController.swift; sourceTree = "<group>"; };
		DF82487E8CCF28B71697A9AA /* Pods-PDF-Demo.release.xcconfig */ = {isa = PBXFileReference; includeInIndex = 1; lastKnownFileType = text.xcconfig; name = "Pods-PDF-Demo.release.xcconfig"; path = "Pods/Target Support Files/Pods-PDF-Demo/Pods-PDF-Demo.release.xcconfig"; sourceTree = "<group>"; };
/* End PBXFileReference section */

/* Begin PBXFrameworksBuildPhase section */
		6B574B751E53EE5E00543B56 /* Frameworks */ = {
			isa = PBXFrameworksBuildPhase;
			buildActionMask = 2147483647;
			files = (
				7B38B9237DA0E26ED23C618E /* Pods_PDF_Demo.framework in Frameworks */,
			);
			runOnlyForDeploymentPostprocessing = 0;
		};
/* End PBXFrameworksBuildPhase section */

/* Begin PBXGroup section */
		6B574B6F1E53EE5E00543B56 = {
			isa = PBXGroup;
			children = (
				6B574B7A1E53EE5E00543B56 /* PDF-Demo */,
				6B574B791E53EE5E00543B56 /* Products */,
				CAEB48D1F55973F8CFA34E0D /* Pods */,
				B31F67E73BE491DCC4E78012 /* Frameworks */,
			);
			sourceTree = "<group>";
		};
		6B574B791E53EE5E00543B56 /* Products */ = {
			isa = PBXGroup;
			children = (
				6B574B781E53EE5E00543B56 /* PDF-Demo.app */,
			);
			name = Products;
			sourceTree = "<group>";
		};
		6B574B7A1E53EE5E00543B56 /* PDF-Demo */ = {
			isa = PBXGroup;
			children = (
				6B574B7B1E53EE5E00543B56 /* AppDelegate.swift */,
				6B574B8D1E53F2F200543B56 /* HomeTableViewController.swift */,
				6B574B7F1E53EE5E00543B56 /* Main.storyboard */,
				6B8F68DA1E5A9229001E3AAB /* ReaderViewController.swift */,
				6B574B8F1E53F50900543B56 /* TableViewCell.swift */,
				6B574B821E53EE5E00543B56 /* Assets.xcassets */,
				6B574B841E53EE5E00543B56 /* LaunchScreen.storyboard */,
				6B574B871E53EE5E00543B56 /* Info.plist */,
			);
			path = "PDF-Demo";
			sourceTree = "<group>";
		};
		B31F67E73BE491DCC4E78012 /* Frameworks */ = {
			isa = PBXGroup;
			children = (
				6107024B4526CA0768544755 /* Pods_PDF_Demo.framework */,
			);
			name = Frameworks;
			sourceTree = "<group>";
		};
		CAEB48D1F55973F8CFA34E0D /* Pods */ = {
			isa = PBXGroup;
			children = (
				3D32FED17B17C607560C6DE6 /* Pods-PDF-Demo.debug.xcconfig */,
				DF82487E8CCF28B71697A9AA /* Pods-PDF-Demo.release.xcconfig */,
			);
			name = Pods;
			sourceTree = "<group>";
		};
/* End PBXGroup section */

/* Begin PBXNativeTarget section */
		6B574B771E53EE5E00543B56 /* PDF-Demo */ = {
			isa = PBXNativeTarget;
			buildConfigurationList = 6B574B8A1E53EE5E00543B56 /* Build configuration list for PBXNativeTarget "PDF-Demo" */;
			buildPhases = (
				56AD6B504E420AD7D0D273DB /* [CP] Check Pods Manifest.lock */,
				6B574B741E53EE5E00543B56 /* Sources */,
				6B574B751E53EE5E00543B56 /* Frameworks */,
				6B574B761E53EE5E00543B56 /* Resources */,
				D3869139348DBE686BAC36FC /* [CP] Embed Pods Frameworks */,
				436B454EB8B584EED19605B2 /* [CP] Copy Pods Resources */,
			);
			buildRules = (
			);
			dependencies = (
			);
			name = "PDF-Demo";
			productName = "PDF-Demo";
			productReference = 6B574B781E53EE5E00543B56 /* PDF-Demo.app */;
			productType = "com.apple.product-type.application";
		};
/* End PBXNativeTarget section */

/* Begin PBXProject section */
		6B574B701E53EE5E00543B56 /* Project object */ = {
			isa = PBXProject;
			attributes = {
				LastSwiftUpdateCheck = 0820;
				LastUpgradeCheck = 0820;
				ORGANIZATIONNAME = "Xiaodan Wang";
				TargetAttributes = {
					6B574B771E53EE5E00543B56 = {
						CreatedOnToolsVersion = 8.2.1;
						DevelopmentTeam = 4RQ5BSF882;
						ProvisioningStyle = Automatic;
					};
				};
			};
			buildConfigurationList = 6B574B731E53EE5E00543B56 /* Build configuration list for PBXProject "PDF-Demo" */;
			compatibilityVersion = "Xcode 3.2";
			developmentRegion = English;
			hasScannedForEncodings = 0;
			knownRegions = (
				en,
				Base,
			);
			mainGroup = 6B574B6F1E53EE5E00543B56;
			productRefGroup = 6B574B791E53EE5E00543B56 /* Products */;
			projectDirPath = "";
			projectRoot = "";
			targets = (
				6B574B771E53EE5E00543B56 /* PDF-Demo */,
			);
		};
/* End PBXProject section */

/* Begin PBXResourcesBuildPhase section */
		6B574B761E53EE5E00543B56 /* Resources */ = {
			isa = PBXResourcesBuildPhase;
			buildActionMask = 2147483647;
			files = (
				6B574B861E53EE5E00543B56 /* LaunchScreen.storyboard in Resources */,
				6B574B831E53EE5E00543B56 /* Assets.xcassets in Resources */,
				6B574B811E53EE5E00543B56 /* Main.storyboard in Resources */,
			);
			runOnlyForDeploymentPostprocessing = 0;
		};
/* End PBXResourcesBuildPhase section */

/* Begin PBXShellScriptBuildPhase section */
		436B454EB8B584EED19605B2 /* [CP] Copy Pods Resources */ = {
			isa = PBXShellScriptBuildPhase;
			buildActionMask = 2147483647;
			files = (
			);
			inputPaths = (
			);
			name = "[CP] Copy Pods Resources";
			outputPaths = (
			);
			runOnlyForDeploymentPostprocessing = 0;
			shellPath = /bin/sh;
			shellScript = "\"${SRCROOT}/Pods/Target Support Files/Pods-PDF-Demo/Pods-PDF-Demo-resources.sh\"\n";
			showEnvVarsInLog = 0;
		};
		56AD6B504E420AD7D0D273DB /* [CP] Check Pods Manifest.lock */ = {
			isa = PBXShellScriptBuildPhase;
			buildActionMask = 2147483647;
			files = (
			);
			inputPaths = (
			);
			name = "[CP] Check Pods Manifest.lock";
			outputPaths = (
			);
			runOnlyForDeploymentPostprocessing = 0;
			shellPath = /bin/sh;
			shellScript = "diff \"${PODS_ROOT}/../Podfile.lock\" \"${PODS_ROOT}/Manifest.lock\" > /dev/null\nif [ $? != 0 ] ; then\n    # print error to STDERR\n    echo \"error: The sandbox is not in sync with the Podfile.lock. Run 'pod install' or update your CocoaPods installation.\" >&2\n    exit 1\nfi\n";
			showEnvVarsInLog = 0;
		};
		D3869139348DBE686BAC36FC /* [CP] Embed Pods Frameworks */ = {
			isa = PBXShellScriptBuildPhase;
			buildActionMask = 2147483647;
			files = (
			);
			inputPaths = (
			);
			name = "[CP] Embed Pods Frameworks";
			outputPaths = (
			);
			runOnlyForDeploymentPostprocessing = 0;
			shellPath = /bin/sh;
			shellScript = "\"${SRCROOT}/Pods/Target Support Files/Pods-PDF-Demo/Pods-PDF-Demo-frameworks.sh\"\n";
			showEnvVarsInLog = 0;
		};
/* End PBXShellScriptBuildPhase section */

/* Begin PBXSourcesBuildPhase section */
		6B574B741E53EE5E00543B56 /* Sources */ = {
			isa = PBXSourcesBuildPhase;
			buildActionMask = 2147483647;
			files = (
				6B574B911E53F5A400543B56 /* TableViewCell.swift in Sources */,
				6B574B8E1E53F2F200543B56 /* HomeTableViewController.swift in Sources */,
				6B574B7C1E53EE5E00543B56 /* AppDelegate.swift in Sources */,
				6B8F68DB1E5A9229001E3AAB /* ReaderViewController.swift in Sources */,
			);
			runOnlyForDeploymentPostprocessing = 0;
		};
/* End PBXSourcesBuildPhase section */

/* Begin PBXVariantGroup section */
		6B574B7F1E53EE5E00543B56 /* Main.storyboard */ = {
			isa = PBXVariantGroup;
			children = (
				6B574B801E53EE5E00543B56 /* Base */,
			);
			name = Main.storyboard;
			sourceTree = "<group>";
		};
		6B574B841E53EE5E00543B56 /* LaunchScreen.storyboard */ = {
			isa = PBXVariantGroup;
			children = (
				6B574B851E53EE5E00543B56 /* Base */,
			);
			name = LaunchScreen.storyboard;
			sourceTree = "<group>";
		};
/* End PBXVariantGroup section */

/* Begin XCBuildConfiguration section */
		6B574B881E53EE5E00543B56 /* Debug */ = {
			isa = XCBuildConfiguration;
			buildSettings = {
				ALWAYS_SEARCH_USER_PATHS = YES;
				CLANG_ANALYZER_NONNULL = YES;
				CLANG_CXX_LANGUAGE_STANDARD = "gnu++0x";
				CLANG_CXX_LIBRARY = "libc++";
				CLANG_ENABLE_MODULES = YES;
				CLANG_ENABLE_OBJC_ARC = YES;
				CLANG_WARN_BOOL_CONVERSION = YES;
				CLANG_WARN_CONSTANT_CONVERSION = YES;
				CLANG_WARN_DIRECT_OBJC_ISA_USAGE = YES_ERROR;
				CLANG_WARN_DOCUMENTATION_COMMENTS = YES;
				CLANG_WARN_EMPTY_BODY = YES;
				CLANG_WARN_ENUM_CONVERSION = YES;
				CLANG_WARN_INFINITE_RECURSION = YES;
				CLANG_WARN_INT_CONVERSION = YES;
				CLANG_WARN_OBJC_ROOT_CLASS = YES_ERROR;
				CLANG_WARN_SUSPICIOUS_MOVE = YES;
				CLANG_WARN_UNREACHABLE_CODE = YES;
				CLANG_WARN__DUPLICATE_METHOD_MATCH = YES;
				"CODE_SIGN_IDENTITY[sdk=iphoneos*]" = "iPhone Developer";
				COPY_PHASE_STRIP = NO;
				DEBUG_INFORMATION_FORMAT = dwarf;
				ENABLE_STRICT_OBJC_MSGSEND = YES;
				ENABLE_TESTABILITY = YES;
				FRAMEWORK_SEARCH_PATHS = "$(inherited)";
				GCC_C_LANGUAGE_STANDARD = gnu99;
				GCC_DYNAMIC_NO_PIC = NO;
				GCC_NO_COMMON_BLOCKS = YES;
				GCC_OPTIMIZATION_LEVEL = 0;
				GCC_PREPROCESSOR_DEFINITIONS = (
					"DEBUG=1",
					"$(inherited)",
				);
				GCC_WARN_64_TO_32_BIT_CONVERSION = YES;
				GCC_WARN_ABOUT_RETURN_TYPE = YES_ERROR;
				GCC_WARN_UNDECLARED_SELECTOR = YES;
				GCC_WARN_UNINITIALIZED_AUTOS = YES_AGGRESSIVE;
				GCC_WARN_UNUSED_FUNCTION = YES;
				GCC_WARN_UNUSED_VARIABLE = YES;
				HEADER_SEARCH_PATHS = "$(inherited)";
				IPHONEOS_DEPLOYMENT_TARGET = 10.2;
				LIBRARY_SEARCH_PATHS = "$(inherited)";
				MTL_ENABLE_DEBUG_INFO = YES;
				ONLY_ACTIVE_ARCH = YES;
				SDKROOT = iphoneos;
				SWIFT_ACTIVE_COMPILATION_CONDITIONS = DEBUG;
				SWIFT_OPTIMIZATION_LEVEL = "-Onone";
				TARGETED_DEVICE_FAMILY = "1,2";
			};
			name = Debug;
		};
		6B574B891E53EE5E00543B56 /* Release */ = {
			isa = XCBuildConfiguration;
			buildSettings = {
				ALWAYS_SEARCH_USER_PATHS = YES;
				CLANG_ANALYZER_NONNULL = YES;
				CLANG_CXX_LANGUAGE_STANDARD = "gnu++0x";
				CLANG_CXX_LIBRARY = "libc++";
				CLANG_ENABLE_MODULES = YES;
				CLANG_ENABLE_OBJC_ARC = YES;
				CLANG_WARN_BOOL_CONVERSION = YES;
				CLANG_WARN_CONSTANT_CONVERSION = YES;
				CLANG_WARN_DIRECT_OBJC_ISA_USAGE = YES_ERROR;
				CLANG_WARN_DOCUMENTATION_COMMENTS = YES;
				CLANG_WARN_EMPTY_BODY = YES;
				CLANG_WARN_ENUM_CONVERSION = YES;
				CLANG_WARN_INFINITE_RECURSION = YES;
				CLANG_WARN_INT_CONVERSION = YES;
				CLANG_WARN_OBJC_ROOT_CLASS = YES_ERROR;
				CLANG_WARN_SUSPICIOUS_MOVE = YES;
				CLANG_WARN_UNREACHABLE_CODE = YES;
				CLANG_WARN__DUPLICATE_METHOD_MATCH = YES;
				"CODE_SIGN_IDENTITY[sdk=iphoneos*]" = "iPhone Developer";
				COPY_PHASE_STRIP = NO;
				DEBUG_INFORMATION_FORMAT = "dwarf-with-dsym";
				ENABLE_NS_ASSERTIONS = NO;
				ENABLE_STRICT_OBJC_MSGSEND = YES;
				FRAMEWORK_SEARCH_PATHS = "$(inherited)";
				GCC_C_LANGUAGE_STANDARD = gnu99;
				GCC_NO_COMMON_BLOCKS = YES;
				GCC_WARN_64_TO_32_BIT_CONVERSION = YES;
				GCC_WARN_ABOUT_RETURN_TYPE = YES_ERROR;
				GCC_WARN_UNDECLARED_SELECTOR = YES;
				GCC_WARN_UNINITIALIZED_AUTOS = YES_AGGRESSIVE;
				GCC_WARN_UNUSED_FUNCTION = YES;
				GCC_WARN_UNUSED_VARIABLE = YES;
				HEADER_SEARCH_PATHS = "$(inherited)";
				IPHONEOS_DEPLOYMENT_TARGET = 10.2;
				LIBRARY_SEARCH_PATHS = "$(inherited)";
				MTL_ENABLE_DEBUG_INFO = NO;
				SDKROOT = iphoneos;
				SWIFT_OPTIMIZATION_LEVEL = "-Owholemodule";
				TARGETED_DEVICE_FAMILY = "1,2";
				VALIDATE_PRODUCT = YES;
			};
			name = Release;
		};
		6B574B8B1E53EE5E00543B56 /* Debug */ = {
			isa = XCBuildConfiguration;
			baseConfigurationReference = 3D32FED17B17C607560C6DE6 /* Pods-PDF-Demo.debug.xcconfig */;
			buildSettings = {
				ASSETCATALOG_COMPILER_APPICON_NAME = AppIcon;
				DEVELOPMENT_TEAM = 4RQ5BSF882;
				INFOPLIST_FILE = "PDF-Demo/Info.plist";
				LD_RUNPATH_SEARCH_PATHS = "$(inherited) @executable_path/Frameworks";
				PRODUCT_BUNDLE_IDENTIFIER = "iOSeTutorials.PDF-Demo";
				PRODUCT_NAME = "$(TARGET_NAME)";
				SWIFT_VERSION = 3.0;
			};
			name = Debug;
		};
		6B574B8C1E53EE5E00543B56 /* Release */ = {
			isa = XCBuildConfiguration;
			baseConfigurationReference = DF82487E8CCF28B71697A9AA /* Pods-PDF-Demo.release.xcconfig */;
			buildSettings = {
				ASSETCATALOG_COMPILER_APPICON_NAME = AppIcon;
				DEVELOPMENT_TEAM = 4RQ5BSF882;
				INFOPLIST_FILE = "PDF-Demo/Info.plist";
				LD_RUNPATH_SEARCH_PATHS = "$(inherited) @executable_path/Frameworks";
				PRODUCT_BUNDLE_IDENTIFIER = "iOSeTutorials.PDF-Demo";
				PRODUCT_NAME = "$(TARGET_NAME)";
				SWIFT_VERSION = 3.0;
			};
			name = Release;
		};
/* End XCBuildConfiguration section */

/* Begin XCConfigurationList section */
		6B574B731E53EE5E00543B56 /* Build configuration list for PBXProject "PDF-Demo" */ = {
			isa = XCConfigurationList;
			buildConfigurations = (
				6B574B881E53EE5E00543B56 /* Debug */,
				6B574B891E53EE5E00543B56 /* Release */,
			);
			defaultConfigurationIsVisible = 0;
			defaultConfigurationName = Release;
		};
		6B574B8A1E53EE5E00543B56 /* Build configuration list for PBXNativeTarget "PDF-Demo" */ = {
			isa = XCConfigurationList;
			buildConfigurations = (
				6B574B8B1E53EE5E00543B56 /* Debug */,
				6B574B8C1E53EE5E00543B56 /* Release */,
			);
			defaultConfigurationIsVisible = 0;
			defaultConfigurationName = Release;
		};
/* End XCConfigurationList section */
	};
	rootObject = 6B574B701E53EE5E00543B56 /* Project object */;
}
